<?xml version="1.0" encoding="utf-8"?>
<Project ToolsVersion="16.0" xmlns="http://schemas.microsoft.com/developer/msbuild/2003">
  <ItemGroup>
    <ClCompile Include="C:\Users\jhurs\dev\NEAT\snakeNeatAI\src\game\Snake.cpp">
      <Filter>Source Files</Filter>
    </ClCompile>
    <ClCompile Include="C:\Users\jhurs\dev\NEAT\snakeNeatAI\src\game\Game.cpp">
      <Filter>Source Files</Filter>
    </ClCompile>
    <ClCompile Include="C:\Users\jhurs\dev\NEAT\snakeNeatAI\src\neat\Genome.cpp">
      <Filter>Source Files</Filter>
    </ClCompile>
    <ClCompile Include="C:\Users\jhurs\dev\NEAT\snakeNeatAI\src\neat\Network.cpp">
      <Filter>Source Files</Filter>
    </ClCompile>
    <ClCompile Include="C:\Users\jhurs\dev\NEAT\snakeNeatAI\src\neat\NEAT.cpp">
      <Filter>Source Files</Filter>
    </ClCompile>
    <ClCompile Include="C:\Users\jhurs\dev\NEAT\snakeNeatAI\src\neat\Species.cpp">
      <Filter>Source Files</Filter>
    </ClCompile>
    <ClCompile Include="C:\Users\jhurs\dev\NEAT\snakeNeatAI\src\render\Renderer.cpp">
      <Filter>Source Files</Filter>
    </ClCompile>
    <ClCompile Include="C:\Users\jhurs\dev\NEAT\snakeNeatAI\src\main.cpp">
      <Filter>Source Files</Filter>
    </ClCompile>
  </ItemGroup>
  <ItemGroup>
    <CustomBuild Include="C:\Users\jhurs\dev\NEAT\snakeNeatAI\CMakeLists.txt" />
  </ItemGroup>
  <ItemGroup>
    <Filter Include="Source Files">
      <UniqueIdentifier>{38F22C1A-CF8D-37E9-ACBE-10EDEED11B36}</UniqueIdentifier>
    </Filter>
  </ItemGroup>
</Project>
